
Microsoft Visual Studio Solution File, Format Version 12.00
# Visual Studio Version 16
VisualStudioVersion = 16.0.33328.57
MinimumVisualStudioVersion = 10.0.40219.1
Project("{FAE04EC0-301F-11D3-BF4B-00C04F79EFBC}") = "IfElse", "IfElse\IfElse.csproj", "{472E4680-8201-48B6-9A04-333A2101DE13}"
EndProject
Project("{FAE04EC0-301F-11D3-BF4B-00C04F79EFBC}") = "IfIf", "IfIf\IfIf.csproj", "{555FC370-A26D-4584-8EF0-AB7B7E8D2D3B}"
EndProject
Project("{FAE04EC0-301F-11D3-BF4B-00C04F79EFBC}") = "p151_ex2", "p151_ex2\p151_ex2.csproj", "{6BA9C85A-E7E6-489C-A0CA-930AF780A247}"
EndProject
Project("{FAE04EC0-301F-11D3-BF4B-00C04F79EFBC}") = "p151_ex3", "p151_ex3\p151_ex3.csproj", "{720DFF42-19F7-4670-9FCE-30B9CCFD3F05}"
EndProject
Project("{FAE04EC0-301F-11D3-BF4B-00C04F79EFBC}") = "p151_ex4", "p151_ex4\p151_ex4.csproj", "{26FC0324-D9BE-48A8-904D-DEF33C81E3C5}"
EndProject
Project("{FAE04EC0-301F-11D3-BF4B-00C04F79EFBC}") = "p151_ex5", "p151_ex5\p151_ex5.csproj", "{430A93F7-A345-46B6-9199-7FD636FE70CD}"
EndProject
Project("{FAE04EC0-301F-11D3-BF4B-00C04F79EFBC}") = "p151_ex6", "p151_ex6\p151_ex6.csproj", "{1D79E964-9125-46A5-9527-81A5A766CB52}"
EndProject
Project("{FAE04EC0-301F-11D3-BF4B-00C04F79EFBC}") = "Switch", "Switch\Switch.csproj", "{7E7513C1-47C9-4473-BFEC-9EDA774F3C2B}"
EndProject
Project("{FAE04EC0-301F-11D3-BF4B-00C04F79EFBC}") = "p161_ex2", "p161_ex2\p161_ex2.csproj", "{918A74D5-D5A1-47F4-BC45-EE663E2D2E22}"
EndProject
Project("{FAE04EC0-301F-11D3-BF4B-00C04F79EFBC}") = "p161_ex3", "p161_ex3\p161_ex3.csproj", "{52A806DE-68CE-4B19-9AEB-D577E04E5C8E}"
EndProject
Project("{FAE04EC0-301F-11D3-BF4B-00C04F79EFBC}") = "p161_ex4", "p161_ex4\p161_ex4.csproj", "{0A75C285-2A5F-49AB-A842-709F691F09FC}"
EndProject
Project("{FAE04EC0-301F-11D3-BF4B-00C04F79EFBC}") = "While", "While\While.csproj", "{83CDF57C-808D-4B4E-A4D3-781CADF8D138}"
EndProject
Project("{FAE04EC0-301F-11D3-BF4B-00C04F79EFBC}") = "DoWhile", "DoWhile\DoWhile.csproj", "{FFD3579E-D9B8-4ADE-B5E5-2D87083716DE}"
EndProject
Project("{FAE04EC0-301F-11D3-BF4B-00C04F79EFBC}") = "For", "For\For.csproj", "{4D5E73D1-7933-4C19-B1B5-A6CBF831F806}"
EndProject
Project("{FAE04EC0-301F-11D3-BF4B-00C04F79EFBC}") = "ForFor", "ForFor\ForFor.csproj", "{D7AF9A2F-9292-4D6D-B4AE-3541B89419D6}"
EndProject
Project("{FAE04EC0-301F-11D3-BF4B-00C04F79EFBC}") = "ForEach", "ForEach\ForEach.csproj", "{0016221C-98E9-43CA-8602-FFA7AB8F901C}"
EndProject
Project("{FAE04EC0-301F-11D3-BF4B-00C04F79EFBC}") = "InfiniteFor", "InfiniteFor\InfiniteFor.csproj", "{39059CED-F875-45ED-8D99-5BB7D9AD1D40}"
EndProject
Project("{FAE04EC0-301F-11D3-BF4B-00C04F79EFBC}") = "InfiniteWhile", "InfiniteWhile\InfiniteWhile.csproj", "{248177B3-0F30-4BF8-B3DC-B9F73E653D52}"
EndProject
Project("{FAE04EC0-301F-11D3-BF4B-00C04F79EFBC}") = "HWANGJEONGIN_ex1", "HWANGJEONGIN_ex1\HWANGJEONGIN_ex1.csproj", "{85D5CB6F-5FC4-4760-8D3C-6D98515FF56D}"
EndProject
Project("{FAE04EC0-301F-11D3-BF4B-00C04F79EFBC}") = "HWANGJEONGIN_ex2", "HWANGJEONGIN_ex2\HWANGJEONGIN_ex2.csproj", "{97771AF5-E279-4862-8ED4-EB628251C041}"
EndProject
Project("{FAE04EC0-301F-11D3-BF4B-00C04F79EFBC}") = "HWANGJEONGIN_ex3", "HWANGJEONGIN_ex3\HWANGJEONGIN_ex3.csproj", "{E8A31B81-2769-4939-BAE8-DFC7E2936464}"
EndProject
Project("{FAE04EC0-301F-11D3-BF4B-00C04F79EFBC}") = "HWANGJEONGIN_ex4", "HWANGJEONGIN_ex4\HWANGJEONGIN_ex4.csproj", "{4AA4D932-B20D-4C86-94D0-10D0353818DD}"
EndProject
Project("{FAE04EC0-301F-11D3-BF4B-00C04F79EFBC}") = "Test1", "Test1\Test1.csproj", "{74FC6BF4-67C4-40BC-A312-1E8015D878BF}"
EndProject
Project("{FAE04EC0-301F-11D3-BF4B-00C04F79EFBC}") = "Break", "Break\Break.csproj", "{076DD56C-FCE2-40B3-8780-89BF35C7C44B}"
EndProject
Project("{FAE04EC0-301F-11D3-BF4B-00C04F79EFBC}") = "Continue", "Continue\Continue.csproj", "{9021292A-CBE6-4327-B79D-047BE0B0803C}"
EndProject
Project("{FAE04EC0-301F-11D3-BF4B-00C04F79EFBC}") = "Goto", "Goto\Goto.csproj", "{2C48B8B3-0C44-4EA3-82D2-92ACE9428D4F}"
EndProject
Global
	GlobalSection(SolutionConfigurationPlatforms) = preSolution
		Debug|Any CPU = Debug|Any CPU
		Release|Any CPU = Release|Any CPU
	EndGlobalSection
	GlobalSection(ProjectConfigurationPlatforms) = postSolution
		{472E4680-8201-48B6-9A04-333A2101DE13}.Debug|Any CPU.ActiveCfg = Debug|Any CPU
		{472E4680-8201-48B6-9A04-333A2101DE13}.Debug|Any CPU.Build.0 = Debug|Any CPU
		{472E4680-8201-48B6-9A04-333A2101DE13}.Release|Any CPU.ActiveCfg = Release|Any CPU
		{472E4680-8201-48B6-9A04-333A2101DE13}.Release|Any CPU.Build.0 = Release|Any CPU
		{555FC370-A26D-4584-8EF0-AB7B7E8D2D3B}.Debug|Any CPU.ActiveCfg = Debug|Any CPU
		{555FC370-A26D-4584-8EF0-AB7B7E8D2D3B}.Debug|Any CPU.Build.0 = Debug|Any CPU
		{555FC370-A26D-4584-8EF0-AB7B7E8D2D3B}.Release|Any CPU.ActiveCfg = Release|Any CPU
		{555FC370-A26D-4584-8EF0-AB7B7E8D2D3B}.Release|Any CPU.Build.0 = Release|Any CPU
		{6BA9C85A-E7E6-489C-A0CA-930AF780A247}.Debug|Any CPU.ActiveCfg = Debug|Any CPU
		{6BA9C85A-E7E6-489C-A0CA-930AF780A247}.Debug|Any CPU.Build.0 = Debug|Any CPU
		{6BA9C85A-E7E6-489C-A0CA-930AF780A247}.Release|Any CPU.ActiveCfg = Release|Any CPU
		{6BA9C85A-E7E6-489C-A0CA-930AF780A247}.Release|Any CPU.Build.0 = Release|Any CPU
		{720DFF42-19F7-4670-9FCE-30B9CCFD3F05}.Debug|Any CPU.ActiveCfg = Debug|Any CPU
		{720DFF42-19F7-4670-9FCE-30B9CCFD3F05}.Debug|Any CPU.Build.0 = Debug|Any CPU
		{720DFF42-19F7-4670-9FCE-30B9CCFD3F05}.Release|Any CPU.ActiveCfg = Release|Any CPU
		{720DFF42-19F7-4670-9FCE-30B9CCFD3F05}.Release|Any CPU.Build.0 = Release|Any CPU
		{26FC0324-D9BE-48A8-904D-DEF33C81E3C5}.Debug|Any CPU.ActiveCfg = Debug|Any CPU
		{26FC0324-D9BE-48A8-904D-DEF33C81E3C5}.Debug|Any CPU.Build.0 = Debug|Any CPU
		{26FC0324-D9BE-48A8-904D-DEF33C81E3C5}.Release|Any CPU.ActiveCfg = Release|Any CPU
		{26FC0324-D9BE-48A8-904D-DEF33C81E3C5}.Release|Any CPU.Build.0 = Release|Any CPU
		{430A93F7-A345-46B6-9199-7FD636FE70CD}.Debug|Any CPU.ActiveCfg = Debug|Any CPU
		{430A93F7-A345-46B6-9199-7FD636FE70CD}.Debug|Any CPU.Build.0 = Debug|Any CPU
		{430A93F7-A345-46B6-9199-7FD636FE70CD}.Release|Any CPU.ActiveCfg = Release|Any CPU
		{430A93F7-A345-46B6-9199-7FD636FE70CD}.Release|Any CPU.Build.0 = Release|Any CPU
		{1D79E964-9125-46A5-9527-81A5A766CB52}.Debug|Any CPU.ActiveCfg = Debug|Any CPU
		{1D79E964-9125-46A5-9527-81A5A766CB52}.Debug|Any CPU.Build.0 = Debug|Any CPU
		{1D79E964-9125-46A5-9527-81A5A766CB52}.Release|Any CPU.ActiveCfg = Release|Any CPU
		{1D79E964-9125-46A5-9527-81A5A766CB52}.Release|Any CPU.Build.0 = Release|Any CPU
		{7E7513C1-47C9-4473-BFEC-9EDA774F3C2B}.Debug|Any CPU.ActiveCfg = Debug|Any CPU
		{7E7513C1-47C9-4473-BFEC-9EDA774F3C2B}.Debug|Any CPU.Build.0 = Debug|Any CPU
		{7E7513C1-47C9-4473-BFEC-9EDA774F3C2B}.Release|Any CPU.ActiveCfg = Release|Any CPU
		{7E7513C1-47C9-4473-BFEC-9EDA774F3C2B}.Release|Any CPU.Build.0 = Release|Any CPU
		{918A74D5-D5A1-47F4-BC45-EE663E2D2E22}.Debug|Any CPU.ActiveCfg = Debug|Any CPU
		{918A74D5-D5A1-47F4-BC45-EE663E2D2E22}.Debug|Any CPU.Build.0 = Debug|Any CPU
		{918A74D5-D5A1-47F4-BC45-EE663E2D2E22}.Release|Any CPU.ActiveCfg = Release|Any CPU
		{918A74D5-D5A1-47F4-BC45-EE663E2D2E22}.Release|Any CPU.Build.0 = Release|Any CPU
		{52A806DE-68CE-4B19-9AEB-D577E04E5C8E}.Debug|Any CPU.ActiveCfg = Debug|Any CPU
		{52A806DE-68CE-4B19-9AEB-D577E04E5C8E}.Debug|Any CPU.Build.0 = Debug|Any CPU
		{52A806DE-68CE-4B19-9AEB-D577E04E5C8E}.Release|Any CPU.ActiveCfg = Release|Any CPU
		{52A806DE-68CE-4B19-9AEB-D577E04E5C8E}.Release|Any CPU.Build.0 = Release|Any CPU
		{0A75C285-2A5F-49AB-A842-709F691F09FC}.Debug|Any CPU.ActiveCfg = Debug|Any CPU
		{0A75C285-2A5F-49AB-A842-709F691F09FC}.Debug|Any CPU.Build.0 = Debug|Any CPU
		{0A75C285-2A5F-49AB-A842-709F691F09FC}.Release|Any CPU.ActiveCfg = Release|Any CPU
		{0A75C285-2A5F-49AB-A842-709F691F09FC}.Release|Any CPU.Build.0 = Release|Any CPU
		{83CDF57C-808D-4B4E-A4D3-781CADF8D138}.Debug|Any CPU.ActiveCfg = Debug|Any CPU
		{83CDF57C-808D-4B4E-A4D3-781CADF8D138}.Debug|Any CPU.Build.0 = Debug|Any CPU
		{83CDF57C-808D-4B4E-A4D3-781CADF8D138}.Release|Any CPU.ActiveCfg = Release|Any CPU
		{83CDF57C-808D-4B4E-A4D3-781CADF8D138}.Release|Any CPU.Build.0 = Release|Any CPU
		{FFD3579E-D9B8-4ADE-B5E5-2D87083716DE}.Debug|Any CPU.ActiveCfg = Debug|Any CPU
		{FFD3579E-D9B8-4ADE-B5E5-2D87083716DE}.Debug|Any CPU.Build.0 = Debug|Any CPU
		{FFD3579E-D9B8-4ADE-B5E5-2D87083716DE}.Release|Any CPU.ActiveCfg = Release|Any CPU
		{FFD3579E-D9B8-4ADE-B5E5-2D87083716DE}.Release|Any CPU.Build.0 = Release|Any CPU
		{4D5E73D1-7933-4C19-B1B5-A6CBF831F806}.Debug|Any CPU.ActiveCfg = Debug|Any CPU
		{4D5E73D1-7933-4C19-B1B5-A6CBF831F806}.Debug|Any CPU.Build.0 = Debug|Any CPU
		{4D5E73D1-7933-4C19-B1B5-A6CBF831F806}.Release|Any CPU.ActiveCfg = Release|Any CPU
		{4D5E73D1-7933-4C19-B1B5-A6CBF831F806}.Release|Any CPU.Build.0 = Release|Any CPU
		{D7AF9A2F-9292-4D6D-B4AE-3541B89419D6}.Debug|Any CPU.ActiveCfg = Debug|Any CPU
		{D7AF9A2F-9292-4D6D-B4AE-3541B89419D6}.Debug|Any CPU.Build.0 = Debug|Any CPU
		{D7AF9A2F-9292-4D6D-B4AE-3541B89419D6}.Release|Any CPU.ActiveCfg = Release|Any CPU
		{D7AF9A2F-9292-4D6D-B4AE-3541B89419D6}.Release|Any CPU.Build.0 = Release|Any CPU
		{0016221C-98E9-43CA-8602-FFA7AB8F901C}.Debug|Any CPU.ActiveCfg = Debug|Any CPU
		{0016221C-98E9-43CA-8602-FFA7AB8F901C}.Debug|Any CPU.Build.0 = Debug|Any CPU
		{0016221C-98E9-43CA-8602-FFA7AB8F901C}.Release|Any CPU.ActiveCfg = Release|Any CPU
		{0016221C-98E9-43CA-8602-FFA7AB8F901C}.Release|Any CPU.Build.0 = Release|Any CPU
		{39059CED-F875-45ED-8D99-5BB7D9AD1D40}.Debug|Any CPU.ActiveCfg = Debug|Any CPU
		{39059CED-F875-45ED-8D99-5BB7D9AD1D40}.Debug|Any CPU.Build.0 = Debug|Any CPU
		{39059CED-F875-45ED-8D99-5BB7D9AD1D40}.Release|Any CPU.ActiveCfg = Release|Any CPU
		{39059CED-F875-45ED-8D99-5BB7D9AD1D40}.Release|Any CPU.Build.0 = Release|Any CPU
		{248177B3-0F30-4BF8-B3DC-B9F73E653D52}.Debug|Any CPU.ActiveCfg = Debug|Any CPU
		{248177B3-0F30-4BF8-B3DC-B9F73E653D52}.Debug|Any CPU.Build.0 = Debug|Any CPU
		{248177B3-0F30-4BF8-B3DC-B9F73E653D52}.Release|Any CPU.ActiveCfg = Release|Any CPU
		{248177B3-0F30-4BF8-B3DC-B9F73E653D52}.Release|Any CPU.Build.0 = Release|Any CPU
		{85D5CB6F-5FC4-4760-8D3C-6D98515FF56D}.Debug|Any CPU.ActiveCfg = Debug|Any CPU
		{85D5CB6F-5FC4-4760-8D3C-6D98515FF56D}.Debug|Any CPU.Build.0 = Debug|Any CPU
		{85D5CB6F-5FC4-4760-8D3C-6D98515FF56D}.Release|Any CPU.ActiveCfg = Release|Any CPU
		{85D5CB6F-5FC4-4760-8D3C-6D98515FF56D}.Release|Any CPU.Build.0 = Release|Any CPU
		{97771AF5-E279-4862-8ED4-EB628251C041}.Debug|Any CPU.ActiveCfg = Debug|Any CPU
		{97771AF5-E279-4862-8ED4-EB628251C041}.Debug|Any CPU.Build.0 = Debug|Any CPU
		{97771AF5-E279-4862-8ED4-EB628251C041}.Release|Any CPU.ActiveCfg = Release|Any CPU
		{97771AF5-E279-4862-8ED4-EB628251C041}.Release|Any CPU.Build.0 = Release|Any CPU
		{E8A31B81-2769-4939-BAE8-DFC7E2936464}.Debug|Any CPU.ActiveCfg = Debug|Any CPU
		{E8A31B81-2769-4939-BAE8-DFC7E2936464}.Debug|Any CPU.Build.0 = Debug|Any CPU
		{E8A31B81-2769-4939-BAE8-DFC7E2936464}.Release|Any CPU.ActiveCfg = Release|Any CPU
		{E8A31B81-2769-4939-BAE8-DFC7E2936464}.Release|Any CPU.Build.0 = Release|Any CPU
		{4AA4D932-B20D-4C86-94D0-10D0353818DD}.Debug|Any CPU.ActiveCfg = Debug|Any CPU
		{4AA4D932-B20D-4C86-94D0-10D0353818DD}.Debug|Any CPU.Build.0 = Debug|Any CPU
		{4AA4D932-B20D-4C86-94D0-10D0353818DD}.Release|Any CPU.ActiveCfg = Release|Any CPU
		{4AA4D932-B20D-4C86-94D0-10D0353818DD}.Release|Any CPU.Build.0 = Release|Any CPU
		{74FC6BF4-67C4-40BC-A312-1E8015D878BF}.Debug|Any CPU.ActiveCfg = Debug|Any CPU
		{74FC6BF4-67C4-40BC-A312-1E8015D878BF}.Debug|Any CPU.Build.0 = Debug|Any CPU
		{74FC6BF4-67C4-40BC-A312-1E8015D878BF}.Release|Any CPU.ActiveCfg = Release|Any CPU
		{74FC6BF4-67C4-40BC-A312-1E8015D878BF}.Release|Any CPU.Build.0 = Release|Any CPU
		{076DD56C-FCE2-40B3-8780-89BF35C7C44B}.Debug|Any CPU.ActiveCfg = Debug|Any CPU
		{076DD56C-FCE2-40B3-8780-89BF35C7C44B}.Debug|Any CPU.Build.0 = Debug|Any CPU
		{076DD56C-FCE2-40B3-8780-89BF35C7C44B}.Release|Any CPU.ActiveCfg = Release|Any CPU
		{076DD56C-FCE2-40B3-8780-89BF35C7C44B}.Release|Any CPU.Build.0 = Release|Any CPU
		{9021292A-CBE6-4327-B79D-047BE0B0803C}.Debug|Any CPU.ActiveCfg = Debug|Any CPU
		{9021292A-CBE6-4327-B79D-047BE0B0803C}.Debug|Any CPU.Build.0 = Debug|Any CPU
		{9021292A-CBE6-4327-B79D-047BE0B0803C}.Release|Any CPU.ActiveCfg = Release|Any CPU
		{9021292A-CBE6-4327-B79D-047BE0B0803C}.Release|Any CPU.Build.0 = Release|Any CPU
		{2C48B8B3-0C44-4EA3-82D2-92ACE9428D4F}.Debug|Any CPU.ActiveCfg = Debug|Any CPU
		{2C48B8B3-0C44-4EA3-82D2-92ACE9428D4F}.Debug|Any CPU.Build.0 = Debug|Any CPU
		{2C48B8B3-0C44-4EA3-82D2-92ACE9428D4F}.Release|Any CPU.ActiveCfg = Release|Any CPU
		{2C48B8B3-0C44-4EA3-82D2-92ACE9428D4F}.Release|Any CPU.Build.0 = Release|Any CPU
	EndGlobalSection
	GlobalSection(SolutionProperties) = preSolution
		HideSolutionNode = FALSE
	EndGlobalSection
	GlobalSection(ExtensibilityGlobals) = postSolution
		SolutionGuid = {CFB1F6CA-2C9A-4F63-9E96-5EF8DA941307}
	EndGlobalSection
EndGlobal
